
Microsoft Visual Studio Solution File, Format Version 12.00
# Visual Studio Express 14 for Windows Desktop
VisualStudioVersion = 14.0.25420.1
MinimumVisualStudioVersion = 10.0.40219.1
Project("{FAE04EC0-301F-11D3-BF4B-00C04F79EFBC}") = "MVVMtest", "MVVMtest\MVVMtest.csproj", "{A91B1273-285F-4CD7-A0BA-DED79924E8A0}"
EndProject
Project("{FAE04EC0-301F-11D3-BF4B-00C04F79EFBC}") = "MicroMvvm", "MicroMvvm\MicroMvvm.csproj", "{76100083-0256-43E9-AE81-59743DB4C18B}"
EndProject
Project("{FAE04EC0-301F-11D3-BF4B-00C04F79EFBC}") = "GetTextboxInput", "GetTextboxInput\GetTextboxInput.csproj", "{8595F96B-B6E6-482A-BA7E-01885EC0D8C7}"
EndProject
Global
	GlobalSection(SolutionConfigurationPlatforms) = preSolution
		Debug|Any CPU = Debug|Any CPU
		Release|Any CPU = Release|Any CPU
	EndGlobalSection
	GlobalSection(ProjectConfigurationPlatforms) = postSolution
		{A91B1273-285F-4CD7-A0BA-DED79924E8A0}.Debug|Any CPU.ActiveCfg = Debug|Any CPU
		{A91B1273-285F-4CD7-A0BA-DED79924E8A0}.Debug|Any CPU.Build.0 = Debug|Any CPU
		{A91B1273-285F-4CD7-A0BA-DED79924E8A0}.Release|Any CPU.ActiveCfg = Release|Any CPU
		{A91B1273-285F-4CD7-A0BA-DED79924E8A0}.Release|Any CPU.Build.0 = Release|Any CPU
		{76100083-0256-43E9-AE81-59743DB4C18B}.Debug|Any CPU.ActiveCfg = Debug|Any CPU
		{76100083-0256-43E9-AE81-59743DB4C18B}.Debug|Any CPU.Build.0 = Debug|Any CPU
		{76100083-0256-43E9-AE81-59743DB4C18B}.Release|Any CPU.ActiveCfg = Release|Any CPU
		{76100083-0256-43E9-AE81-59743DB4C18B}.Release|Any CPU.Build.0 = Release|Any CPU
		{8595F96B-B6E6-482A-BA7E-01885EC0D8C7}.Debug|Any CPU.ActiveCfg = Debug|Any CPU
		{8595F96B-B6E6-482A-BA7E-01885EC0D8C7}.Debug|Any CPU.Build.0 = Debug|Any CPU
		{8595F96B-B6E6-482A-BA7E-01885EC0D8C7}.Release|Any CPU.ActiveCfg = Release|Any CPU
		{8595F96B-B6E6-482A-BA7E-01885EC0D8C7}.Release|Any CPU.Build.0 = Release|Any CPU
	EndGlobalSection
	GlobalSection(SolutionProperties) = preSolution
		HideSolutionNode = FALSE
	EndGlobalSection
EndGlobal
